
Microsoft Visual Studio Solution File, Format Version 12.00
# Visual Studio 2012
Project("{2150E333-8FDC-42A3-9474-1A3956D46DE8}") = "Realization", "Realization", "{6ABDB210-DDD2-474F-B94F-35E086607689}"
EndProject
Project("{FAE04EC0-301F-11D3-BF4B-00C04F79EFBC}") = "Strategy", "SomeBasicElemnts\Strategy.csproj", "{4E0D4B81-A7FE-4307-8D54-6A0DBF761A41}"
EndProject
Project("{FAE04EC0-301F-11D3-BF4B-00C04F79EFBC}") = "RunPatternBasic", "RunPattern\RunPatternBasic.csproj", "{D2C3B435-8F97-4287-A561-1538F196DCC1}"
EndProject
Project("{2150E333-8FDC-42A3-9474-1A3956D46DE8}") = "Visualization", "Visualization", "{FE8B32B5-F986-491D-8588-B8CD5537DEB4}"
EndProject
Project("{FAE04EC0-301F-11D3-BF4B-00C04F79EFBC}") = "PatternConsole", "PatternConsole\PatternConsole.csproj", "{B74312BD-2AEA-403D-8E48-39B777FD6557}"
EndProject
Project("{2150E333-8FDC-42A3-9474-1A3956D46DE8}") = ".nuget", ".nuget", "{74AFABC2-39CD-4FBF-8CDC-4303C96705EC}"
	ProjectSection(SolutionItems) = preProject
		.nuget\NuGet.Config = .nuget\NuGet.Config
		.nuget\NuGet.exe = .nuget\NuGet.exe
		.nuget\NuGet.targets = .nuget\NuGet.targets
	EndProjectSection
EndProject
Project("{FAE04EC0-301F-11D3-BF4B-00C04F79EFBC}") = "Observer", "Observer\Observer.csproj", "{83886C41-6775-4766-AC16-1562241BCE79}"
EndProject
Project("{FAE04EC0-301F-11D3-BF4B-00C04F79EFBC}") = "Decorator", "Decorator\Decorator.csproj", "{54E4E6C0-071E-4F74-8C87-6D6E88BD28AE}"
EndProject
Project("{FAE04EC0-301F-11D3-BF4B-00C04F79EFBC}") = "Factory", "Factory\Factory.csproj", "{F1B85F8C-956F-4279-AF17-A40309E304FA}"
EndProject
Global
	GlobalSection(SolutionConfigurationPlatforms) = preSolution
		Debug|Any CPU = Debug|Any CPU
		Release|Any CPU = Release|Any CPU
	EndGlobalSection
	GlobalSection(ProjectConfigurationPlatforms) = postSolution
		{4E0D4B81-A7FE-4307-8D54-6A0DBF761A41}.Debug|Any CPU.ActiveCfg = Debug|Any CPU
		{4E0D4B81-A7FE-4307-8D54-6A0DBF761A41}.Debug|Any CPU.Build.0 = Debug|Any CPU
		{4E0D4B81-A7FE-4307-8D54-6A0DBF761A41}.Release|Any CPU.ActiveCfg = Release|Any CPU
		{4E0D4B81-A7FE-4307-8D54-6A0DBF761A41}.Release|Any CPU.Build.0 = Release|Any CPU
		{D2C3B435-8F97-4287-A561-1538F196DCC1}.Debug|Any CPU.ActiveCfg = Debug|Any CPU
		{D2C3B435-8F97-4287-A561-1538F196DCC1}.Debug|Any CPU.Build.0 = Debug|Any CPU
		{D2C3B435-8F97-4287-A561-1538F196DCC1}.Release|Any CPU.ActiveCfg = Release|Any CPU
		{D2C3B435-8F97-4287-A561-1538F196DCC1}.Release|Any CPU.Build.0 = Release|Any CPU
		{B74312BD-2AEA-403D-8E48-39B777FD6557}.Debug|Any CPU.ActiveCfg = Debug|Any CPU
		{B74312BD-2AEA-403D-8E48-39B777FD6557}.Debug|Any CPU.Build.0 = Debug|Any CPU
		{B74312BD-2AEA-403D-8E48-39B777FD6557}.Release|Any CPU.ActiveCfg = Release|Any CPU
		{B74312BD-2AEA-403D-8E48-39B777FD6557}.Release|Any CPU.Build.0 = Release|Any CPU
		{83886C41-6775-4766-AC16-1562241BCE79}.Debug|Any CPU.ActiveCfg = Debug|Any CPU
		{83886C41-6775-4766-AC16-1562241BCE79}.Debug|Any CPU.Build.0 = Debug|Any CPU
		{83886C41-6775-4766-AC16-1562241BCE79}.Release|Any CPU.ActiveCfg = Release|Any CPU
		{83886C41-6775-4766-AC16-1562241BCE79}.Release|Any CPU.Build.0 = Release|Any CPU
		{54E4E6C0-071E-4F74-8C87-6D6E88BD28AE}.Debug|Any CPU.ActiveCfg = Debug|Any CPU
		{54E4E6C0-071E-4F74-8C87-6D6E88BD28AE}.Debug|Any CPU.Build.0 = Debug|Any CPU
		{54E4E6C0-071E-4F74-8C87-6D6E88BD28AE}.Release|Any CPU.ActiveCfg = Release|Any CPU
		{54E4E6C0-071E-4F74-8C87-6D6E88BD28AE}.Release|Any CPU.Build.0 = Release|Any CPU
		{F1B85F8C-956F-4279-AF17-A40309E304FA}.Debug|Any CPU.ActiveCfg = Debug|Any CPU
		{F1B85F8C-956F-4279-AF17-A40309E304FA}.Debug|Any CPU.Build.0 = Debug|Any CPU
		{F1B85F8C-956F-4279-AF17-A40309E304FA}.Release|Any CPU.ActiveCfg = Release|Any CPU
		{F1B85F8C-956F-4279-AF17-A40309E304FA}.Release|Any CPU.Build.0 = Release|Any CPU
	EndGlobalSection
	GlobalSection(SolutionProperties) = preSolution
		HideSolutionNode = FALSE
	EndGlobalSection
	GlobalSection(NestedProjects) = preSolution
		{4E0D4B81-A7FE-4307-8D54-6A0DBF761A41} = {6ABDB210-DDD2-474F-B94F-35E086607689}
		{83886C41-6775-4766-AC16-1562241BCE79} = {6ABDB210-DDD2-474F-B94F-35E086607689}
		{54E4E6C0-071E-4F74-8C87-6D6E88BD28AE} = {6ABDB210-DDD2-474F-B94F-35E086607689}
		{F1B85F8C-956F-4279-AF17-A40309E304FA} = {6ABDB210-DDD2-474F-B94F-35E086607689}
		{B74312BD-2AEA-403D-8E48-39B777FD6557} = {FE8B32B5-F986-491D-8588-B8CD5537DEB4}
	EndGlobalSection
EndGlobal
